
Microsoft Visual Studio Solution File, Format Version 12.00
# Visual Studio Version 17
VisualStudioVersion = 17.14.36408.4 d17.14
MinimumVisualStudioVersion = 10.0.40219.1
Project("{FAE04EC0-301F-11D3-BF4B-00C04F79EFBC}") = "FileProcessor", "FileProcessor.csproj", "{42345196-8553-4C19-B847-B5E320BF930E}"
EndProject
Global
	GlobalSection(SolutionConfigurationPlatforms) = preSolution
		Debug|Any CPU = Debug|Any CPU
		Release|Any CPU = Release|Any CPU
	EndGlobalSection
	GlobalSection(ProjectConfigurationPlatforms) = postSolution
		{42345196-8553-4C19-B847-B5E320BF930E}.Debug|Any CPU.ActiveCfg = Debug|Any CPU
		{42345196-8553-4C19-B847-B5E320BF930E}.Debug|Any CPU.Build.0 = Debug|Any CPU
		{42345196-8553-4C19-B847-B5E320BF930E}.Release|Any CPU.ActiveCfg = Release|Any CPU
		{42345196-8553-4C19-B847-B5E320BF930E}.Release|Any CPU.Build.0 = Release|Any CPU
	EndGlobalSection
	GlobalSection(SolutionProperties) = preSolution
		HideSolutionNode = FALSE
	EndGlobalSection
	GlobalSection(ExtensibilityGlobals) = postSolution
		SolutionGuid = {3AC5C1FA-0355-4393-9866-7E7613F10DDD}
	EndGlobalSection
EndGlobal
